// !$*UTF8*$!
{
	archiveVersion = 1;
	classes = {
	};
	objectVersion = 46;
	objects = {

/* Begin PBXBuildFile section */
		06014F2D8E304145A0F814DE /* libPods.a in Frameworks */ = {isa = PBXBuildFile; fileRef = 6C386EB60CDD4C31A58A2C13 /* libPods.a */; };
		1329E26419724DA000C839F8 /* StudentInitialsLabel.m in Sources */ = {isa = PBXBuildFile; fileRef = 1329E26319724DA000C839F8 /* StudentInitialsLabel.m */; };
		1329E267197254B700C839F8 /* StudentsCollectionHeaderView.m in Sources */ = {isa = PBXBuildFile; fileRef = 1329E266197254B700C839F8 /* StudentsCollectionHeaderView.m */; };
		1329E269197254D300C839F8 /* StudentsCollectionHeaderView.xib in Resources */ = {isa = PBXBuildFile; fileRef = 1329E268197254D300C839F8 /* StudentsCollectionHeaderView.xib */; };
		13E01BF6196642A100A94277 /* Trait.m in Sources */ = {isa = PBXBuildFile; fileRef = 13E01BF5196642A100A94277 /* Trait.m */; };
		13E01BF91966447A00A94277 /* Question.m in Sources */ = {isa = PBXBuildFile; fileRef = 13E01BF81966447A00A94277 /* Question.m */; };
		13E01BFC1966453500A94277 /* Student.m in Sources */ = {isa = PBXBuildFile; fileRef = 13E01BFB1966453500A94277 /* Student.m */; };
		13E01BFF196645AB00A94277 /* Teacher.m in Sources */ = {isa = PBXBuildFile; fileRef = 13E01BFE196645AB00A94277 /* Teacher.m */; };
		13E01C021966462700A94277 /* Assessment.m in Sources */ = {isa = PBXBuildFile; fileRef = 13E01C011966462700A94277 /* Assessment.m */; };
		13E01C0719675C7300A94277 /* TraitViewController.m in Sources */ = {isa = PBXBuildFile; fileRef = 13E01C0519675C7300A94277 /* TraitViewController.m */; };
		13E01C0819675C7300A94277 /* TraitViewController.xib in Resources */ = {isa = PBXBuildFile; fileRef = 13E01C0619675C7300A94277 /* TraitViewController.xib */; };
		13E01C111968A42000A94277 /* StudentsViewController.m in Sources */ = {isa = PBXBuildFile; fileRef = 13E01C0F1968A42000A94277 /* StudentsViewController.m */; };
		13E01C121968A42000A94277 /* StudentsViewController.xib in Resources */ = {isa = PBXBuildFile; fileRef = 13E01C101968A42000A94277 /* StudentsViewController.xib */; };
		13E01C151968A63500A94277 /* StudentCell.xib in Resources */ = {isa = PBXBuildFile; fileRef = 13E01C141968A63500A94277 /* StudentCell.xib */; };
		13E01C181968A67800A94277 /* StudentCell.m in Sources */ = {isa = PBXBuildFile; fileRef = 13E01C171968A67800A94277 /* StudentCell.m */; };
		13E01C1C1968DA4B00A94277 /* MultiPageViewController.m in Sources */ = {isa = PBXBuildFile; fileRef = 13E01C1A1968DA4B00A94277 /* MultiPageViewController.m */; };
		13E01C1D1968DA4B00A94277 /* MultiPageViewController.xib in Resources */ = {isa = PBXBuildFile; fileRef = 13E01C1B1968DA4B00A94277 /* MultiPageViewController.xib */; };
		13E01C2D196BEEAE00A94277 /* TraitsViewController.m in Sources */ = {isa = PBXBuildFile; fileRef = 13E01C2B196BEEAE00A94277 /* TraitsViewController.m */; };
		13E01C2E196BEEAE00A94277 /* TraitsViewController.xib in Resources */ = {isa = PBXBuildFile; fileRef = 13E01C2C196BEEAE00A94277 /* TraitsViewController.xib */; };
		13E01C33196BF1FF00A94277 /* TouchInterceptingContainerView.m in Sources */ = {isa = PBXBuildFile; fileRef = 13E01C32196BF1FF00A94277 /* TouchInterceptingContainerView.m */; };
		960937CA197327C200414B21 /* MediaPlayer.framework in Frameworks */ = {isa = PBXBuildFile; fileRef = 960937C9197327C200414B21 /* MediaPlayer.framework */; };
		960937CD19733BC300414B21 /* Tip.m in Sources */ = {isa = PBXBuildFile; fileRef = 960937CC19733BC300414B21 /* Tip.m */; };
		960937D019735CB100414B21 /* TipCell.m in Sources */ = {isa = PBXBuildFile; fileRef = 960937CF19735CB100414B21 /* TipCell.m */; };
		960937D219735CC400414B21 /* TipCell.xib in Resources */ = {isa = PBXBuildFile; fileRef = 960937D119735CC400414B21 /* TipCell.xib */; };
		960937D51973AADC00414B21 /* CollectionLayoutAlignTop.m in Sources */ = {isa = PBXBuildFile; fileRef = 960937D41973AADC00414B21 /* CollectionLayoutAlignTop.m */; };
		96B20A51197B2E1C0082B048 /* StudentsRankingCell.m in Sources */ = {isa = PBXBuildFile; fileRef = 96B20A50197B2E1C0082B048 /* StudentsRankingCell.m */; };
		96B20A53197B2E370082B048 /* StudentsRankingCell.xib in Resources */ = {isa = PBXBuildFile; fileRef = 96B20A52197B2E370082B048 /* StudentsRankingCell.xib */; };
		96B3A3C9196B75720071F8FD /* LoginViewController.m in Sources */ = {isa = PBXBuildFile; fileRef = 96B3A3C7196B75720071F8FD /* LoginViewController.m */; };
		96B3A3CA196B75720071F8FD /* LoginViewController.xib in Resources */ = {isa = PBXBuildFile; fileRef = 96B3A3C8196B75720071F8FD /* LoginViewController.xib */; };
		96B3A3CE196B8C130071F8FD /* TraitDetailViewController.m in Sources */ = {isa = PBXBuildFile; fileRef = 96B3A3CC196B8C130071F8FD /* TraitDetailViewController.m */; };
		96B3A3CF196B8C130071F8FD /* TraitDetailViewController.xib in Resources */ = {isa = PBXBuildFile; fileRef = 96B3A3CD196B8C130071F8FD /* TraitDetailViewController.xib */; };
		B300BA27196640790063E27D /* Foundation.framework in Frameworks */ = {isa = PBXBuildFile; fileRef = B300BA26196640790063E27D /* Foundation.framework */; };
		B300BA29196640790063E27D /* CoreGraphics.framework in Frameworks */ = {isa = PBXBuildFile; fileRef = B300BA28196640790063E27D /* CoreGraphics.framework */; };
		B300BA2B196640790063E27D /* UIKit.framework in Frameworks */ = {isa = PBXBuildFile; fileRef = B300BA2A196640790063E27D /* UIKit.framework */; };
		B300BA31196640790063E27D /* InfoPlist.strings in Resources */ = {isa = PBXBuildFile; fileRef = B300BA2F196640790063E27D /* InfoPlist.strings */; };
		B300BA33196640790063E27D /* main.m in Sources */ = {isa = PBXBuildFile; fileRef = B300BA32196640790063E27D /* main.m */; };
		B300BA37196640790063E27D /* AppDelegate.m in Sources */ = {isa = PBXBuildFile; fileRef = B300BA36196640790063E27D /* AppDelegate.m */; };
		B300BA39196640790063E27D /* Images.xcassets in Resources */ = {isa = PBXBuildFile; fileRef = B300BA38196640790063E27D /* Images.xcassets */; };
		B300BA40196640790063E27D /* XCTest.framework in Frameworks */ = {isa = PBXBuildFile; fileRef = B300BA3F196640790063E27D /* XCTest.framework */; };
		B300BA41196640790063E27D /* Foundation.framework in Frameworks */ = {isa = PBXBuildFile; fileRef = B300BA26196640790063E27D /* Foundation.framework */; };
		B300BA42196640790063E27D /* UIKit.framework in Frameworks */ = {isa = PBXBuildFile; fileRef = B300BA2A196640790063E27D /* UIKit.framework */; };
		B300BA4A196640790063E27D /* InfoPlist.strings in Resources */ = {isa = PBXBuildFile; fileRef = B300BA48196640790063E27D /* InfoPlist.strings */; };
		B300BA4C196640790063E27D /* CharacterLabTests.m in Sources */ = {isa = PBXBuildFile; fileRef = B300BA4B196640790063E27D /* CharacterLabTests.m */; };
		B3021B25196A2470006751D3 /* StudentProfileViewController.m in Sources */ = {isa = PBXBuildFile; fileRef = B3021B23196A2470006751D3 /* StudentProfileViewController.m */; };
		B3021B26196A2470006751D3 /* StudentProfileViewController.xib in Resources */ = {isa = PBXBuildFile; fileRef = B3021B24196A2470006751D3 /* StudentProfileViewController.xib */; };
		B30CD42119740F90006EB3C1 /* Measurement.m in Sources */ = {isa = PBXBuildFile; fileRef = B30CD42019740F90006EB3C1 /* Measurement.m */; };
		B30CD43019749E0D006EB3C1 /* MeasurementViewCell.m in Sources */ = {isa = PBXBuildFile; fileRef = B30CD42E19749E0D006EB3C1 /* MeasurementViewCell.m */; };
		B30CD43119749E0D006EB3C1 /* MeasurementViewCell.xib in Resources */ = {isa = PBXBuildFile; fileRef = B30CD42F19749E0D006EB3C1 /* MeasurementViewCell.xib */; };
		B30CD43A19756FD9006EB3C1 /* ImprovementSuggestionViewCell.m in Sources */ = {isa = PBXBuildFile; fileRef = B30CD43819756FD9006EB3C1 /* ImprovementSuggestionViewCell.m */; };
		B30CD43B19756FD9006EB3C1 /* ImprovementSuggestionViewCell.xib in Resources */ = {isa = PBXBuildFile; fileRef = B30CD43919756FD9006EB3C1 /* ImprovementSuggestionViewCell.xib */; };
		B30CD43F197571A2006EB3C1 /* ImprovementTraitViewCell.m in Sources */ = {isa = PBXBuildFile; fileRef = B30CD43D197571A2006EB3C1 /* ImprovementTraitViewCell.m */; };
		B30CD440197571A2006EB3C1 /* ImprovementTraitViewCell.xib in Resources */ = {isa = PBXBuildFile; fileRef = B30CD43E197571A2006EB3C1 /* ImprovementTraitViewCell.xib */; };
		B32CB6B3197B220C00348FD4 /* BarGraphView.xib in Resources */ = {isa = PBXBuildFile; fileRef = B32CB6B2197B220C00348FD4 /* BarGraphView.xib */; };
		B32CB6B6197B223E00348FD4 /* BarGraphView.m in Sources */ = {isa = PBXBuildFile; fileRef = B32CB6B5197B223E00348FD4 /* BarGraphView.m */; };
		B34A5EAB1972BBA30053696B /* NewAssessmentViewCell.m in Sources */ = {isa = PBXBuildFile; fileRef = B34A5EA91972BBA30053696B /* NewAssessmentViewCell.m */; };
		B34A5EAC1972BBA30053696B /* NewAssessmentViewCell.xib in Resources */ = {isa = PBXBuildFile; fileRef = B34A5EAA1972BBA30053696B /* NewAssessmentViewCell.xib */; };
		B3A92FDC19701E8500101EE4 /* CLModel.m in Sources */ = {isa = PBXBuildFile; fileRef = B3A92FDB19701E8500101EE4 /* CLModel.m */; };
		B3A92FDE1971E29500101EE4 /* QuartzCore.framework in Frameworks */ = {isa = PBXBuildFile; fileRef = B3A92FDD1971E29500101EE4 /* QuartzCore.framework */; };
		B3A92FE21971EED200101EE4 /* AssessmentInputViewController.m in Sources */ = {isa = PBXBuildFile; fileRef = B3A92FE01971EED200101EE4 /* AssessmentInputViewController.m */; };
		B3A92FE31971EED200101EE4 /* AssessmentInputViewController.xib in Resources */ = {isa = PBXBuildFile; fileRef = B3A92FE11971EED200101EE4 /* AssessmentInputViewController.xib */; };
/* End PBXBuildFile section */

/* Begin PBXContainerItemProxy section */
		B300BA43196640790063E27D /* PBXContainerItemProxy */ = {
			isa = PBXContainerItemProxy;
			containerPortal = B300BA1B196640790063E27D /* Project object */;
			proxyType = 1;
			remoteGlobalIDString = B300BA22196640790063E27D;
			remoteInfo = CharacterLab;
		};
/* End PBXContainerItemProxy section */

/* Begin PBXFileReference section */
		1329E26219724DA000C839F8 /* StudentInitialsLabel.h */ = {isa = PBXFileReference; fileEncoding = 4; lastKnownFileType = sourcecode.c.h; path = StudentInitialsLabel.h; sourceTree = "<group>"; };
		1329E26319724DA000C839F8 /* StudentInitialsLabel.m */ = {isa = PBXFileReference; fileEncoding = 4; lastKnownFileType = sourcecode.c.objc; path = StudentInitialsLabel.m; sourceTree = "<group>"; };
		1329E265197254B700C839F8 /* StudentsCollectionHeaderView.h */ = {isa = PBXFileReference; fileEncoding = 4; lastKnownFileType = sourcecode.c.h; path = StudentsCollectionHeaderView.h; sourceTree = "<group>"; };
		1329E266197254B700C839F8 /* StudentsCollectionHeaderView.m */ = {isa = PBXFileReference; fileEncoding = 4; lastKnownFileType = sourcecode.c.objc; path = StudentsCollectionHeaderView.m; sourceTree = "<group>"; };
		1329E268197254D300C839F8 /* StudentsCollectionHeaderView.xib */ = {isa = PBXFileReference; fileEncoding = 4; lastKnownFileType = file.xib; path = StudentsCollectionHeaderView.xib; sourceTree = "<group>"; };
		13E01BF4196642A100A94277 /* Trait.h */ = {isa = PBXFileReference; fileEncoding = 4; lastKnownFileType = sourcecode.c.h; path = Trait.h; sourceTree = "<group>"; };
		13E01BF5196642A100A94277 /* Trait.m */ = {isa = PBXFileReference; fileEncoding = 4; lastKnownFileType = sourcecode.c.objc; path = Trait.m; sourceTree = "<group>"; };
		13E01BF71966447A00A94277 /* Question.h */ = {isa = PBXFileReference; fileEncoding = 4; lastKnownFileType = sourcecode.c.h; path = Question.h; sourceTree = "<group>"; };
		13E01BF81966447A00A94277 /* Question.m */ = {isa = PBXFileReference; fileEncoding = 4; lastKnownFileType = sourcecode.c.objc; path = Question.m; sourceTree = "<group>"; };
		13E01BFA1966453500A94277 /* Student.h */ = {isa = PBXFileReference; fileEncoding = 4; lastKnownFileType = sourcecode.c.h; path = Student.h; sourceTree = "<group>"; };
		13E01BFB1966453500A94277 /* Student.m */ = {isa = PBXFileReference; fileEncoding = 4; lastKnownFileType = sourcecode.c.objc; path = Student.m; sourceTree = "<group>"; };
		13E01BFD196645AB00A94277 /* Teacher.h */ = {isa = PBXFileReference; fileEncoding = 4; lastKnownFileType = sourcecode.c.h; path = Teacher.h; sourceTree = "<group>"; };
		13E01BFE196645AB00A94277 /* Teacher.m */ = {isa = PBXFileReference; fileEncoding = 4; lastKnownFileType = sourcecode.c.objc; path = Teacher.m; sourceTree = "<group>"; };
		13E01C001966462700A94277 /* Assessment.h */ = {isa = PBXFileReference; fileEncoding = 4; lastKnownFileType = sourcecode.c.h; path = Assessment.h; sourceTree = "<group>"; };
		13E01C011966462700A94277 /* Assessment.m */ = {isa = PBXFileReference; fileEncoding = 4; lastKnownFileType = sourcecode.c.objc; path = Assessment.m; sourceTree = "<group>"; };
		13E01C0419675C7300A94277 /* TraitViewController.h */ = {isa = PBXFileReference; fileEncoding = 4; lastKnownFileType = sourcecode.c.h; path = TraitViewController.h; sourceTree = "<group>"; };
		13E01C0519675C7300A94277 /* TraitViewController.m */ = {isa = PBXFileReference; fileEncoding = 4; lastKnownFileType = sourcecode.c.objc; path = TraitViewController.m; sourceTree = "<group>"; };
		13E01C0619675C7300A94277 /* TraitViewController.xib */ = {isa = PBXFileReference; fileEncoding = 4; lastKnownFileType = file.xib; path = TraitViewController.xib; sourceTree = "<group>"; };
		13E01C0E1968A42000A94277 /* StudentsViewController.h */ = {isa = PBXFileReference; fileEncoding = 4; lastKnownFileType = sourcecode.c.h; path = StudentsViewController.h; sourceTree = "<group>"; };
		13E01C0F1968A42000A94277 /* StudentsViewController.m */ = {isa = PBXFileReference; fileEncoding = 4; lastKnownFileType = sourcecode.c.objc; path = StudentsViewController.m; sourceTree = "<group>"; };
		13E01C101968A42000A94277 /* StudentsViewController.xib */ = {isa = PBXFileReference; fileEncoding = 4; lastKnownFileType = file.xib; path = StudentsViewController.xib; sourceTree = "<group>"; };
		13E01C141968A63500A94277 /* StudentCell.xib */ = {isa = PBXFileReference; fileEncoding = 4; lastKnownFileType = file.xib; path = StudentCell.xib; sourceTree = "<group>"; };
		13E01C161968A67800A94277 /* StudentCell.h */ = {isa = PBXFileReference; fileEncoding = 4; lastKnownFileType = sourcecode.c.h; path = StudentCell.h; sourceTree = "<group>"; };
		13E01C171968A67800A94277 /* StudentCell.m */ = {isa = PBXFileReference; fileEncoding = 4; lastKnownFileType = sourcecode.c.objc; path = StudentCell.m; sourceTree = "<group>"; };
		13E01C191968DA4B00A94277 /* MultiPageViewController.h */ = {isa = PBXFileReference; fileEncoding = 4; lastKnownFileType = sourcecode.c.h; path = MultiPageViewController.h; sourceTree = "<group>"; };
		13E01C1A1968DA4B00A94277 /* MultiPageViewController.m */ = {isa = PBXFileReference; fileEncoding = 4; lastKnownFileType = sourcecode.c.objc; path = MultiPageViewController.m; sourceTree = "<group>"; };
		13E01C1B1968DA4B00A94277 /* MultiPageViewController.xib */ = {isa = PBXFileReference; fileEncoding = 4; lastKnownFileType = file.xib; path = MultiPageViewController.xib; sourceTree = "<group>"; };
		13E01C2A196BEEAE00A94277 /* TraitsViewController.h */ = {isa = PBXFileReference; fileEncoding = 4; lastKnownFileType = sourcecode.c.h; path = TraitsViewController.h; sourceTree = "<group>"; };
		13E01C2B196BEEAE00A94277 /* TraitsViewController.m */ = {isa = PBXFileReference; fileEncoding = 4; lastKnownFileType = sourcecode.c.objc; path = TraitsViewController.m; sourceTree = "<group>"; };
		13E01C2C196BEEAE00A94277 /* TraitsViewController.xib */ = {isa = PBXFileReference; fileEncoding = 4; lastKnownFileType = file.xib; path = TraitsViewController.xib; sourceTree = "<group>"; };
		13E01C31196BF1FF00A94277 /* TouchInterceptingContainerView.h */ = {isa = PBXFileReference; fileEncoding = 4; lastKnownFileType = sourcecode.c.h; path = TouchInterceptingContainerView.h; sourceTree = "<group>"; };
		13E01C32196BF1FF00A94277 /* TouchInterceptingContainerView.m */ = {isa = PBXFileReference; fileEncoding = 4; lastKnownFileType = sourcecode.c.objc; path = TouchInterceptingContainerView.m; sourceTree = "<group>"; };
		6C386EB60CDD4C31A58A2C13 /* libPods.a */ = {isa = PBXFileReference; explicitFileType = archive.ar; includeInIndex = 0; path = libPods.a; sourceTree = BUILT_PRODUCTS_DIR; };
		894C1A229C964F13A256BF97 /* Pods.xcconfig */ = {isa = PBXFileReference; includeInIndex = 1; lastKnownFileType = text.xcconfig; name = Pods.xcconfig; path = Pods/Pods.xcconfig; sourceTree = "<group>"; };
		960937C71973277500414B21 /* AVFoundation.framework */ = {isa = PBXFileReference; lastKnownFileType = wrapper.framework; name = AVFoundation.framework; path = System/Library/Frameworks/AVFoundation.framework; sourceTree = SDKROOT; };
		960937C9197327C200414B21 /* MediaPlayer.framework */ = {isa = PBXFileReference; lastKnownFileType = wrapper.framework; name = MediaPlayer.framework; path = System/Library/Frameworks/MediaPlayer.framework; sourceTree = SDKROOT; };
		960937CB19733BC300414B21 /* Tip.h */ = {isa = PBXFileReference; fileEncoding = 4; lastKnownFileType = sourcecode.c.h; path = Tip.h; sourceTree = "<group>"; };
		960937CC19733BC300414B21 /* Tip.m */ = {isa = PBXFileReference; fileEncoding = 4; lastKnownFileType = sourcecode.c.objc; path = Tip.m; sourceTree = "<group>"; };
		960937CE19735CB100414B21 /* TipCell.h */ = {isa = PBXFileReference; fileEncoding = 4; lastKnownFileType = sourcecode.c.h; path = TipCell.h; sourceTree = "<group>"; };
		960937CF19735CB100414B21 /* TipCell.m */ = {isa = PBXFileReference; fileEncoding = 4; lastKnownFileType = sourcecode.c.objc; path = TipCell.m; sourceTree = "<group>"; };
		960937D119735CC400414B21 /* TipCell.xib */ = {isa = PBXFileReference; fileEncoding = 4; lastKnownFileType = file.xib; path = TipCell.xib; sourceTree = "<group>"; };
		960937D31973AADC00414B21 /* CollectionLayoutAlignTop.h */ = {isa = PBXFileReference; fileEncoding = 4; lastKnownFileType = sourcecode.c.h; path = CollectionLayoutAlignTop.h; sourceTree = "<group>"; };
		960937D41973AADC00414B21 /* CollectionLayoutAlignTop.m */ = {isa = PBXFileReference; fileEncoding = 4; lastKnownFileType = sourcecode.c.objc; path = CollectionLayoutAlignTop.m; sourceTree = "<group>"; };
		96B20A4F197B2E1C0082B048 /* StudentsRankingCell.h */ = {isa = PBXFileReference; fileEncoding = 4; lastKnownFileType = sourcecode.c.h; path = StudentsRankingCell.h; sourceTree = "<group>"; };
		96B20A50197B2E1C0082B048 /* StudentsRankingCell.m */ = {isa = PBXFileReference; fileEncoding = 4; lastKnownFileType = sourcecode.c.objc; path = StudentsRankingCell.m; sourceTree = "<group>"; };
		96B20A52197B2E370082B048 /* StudentsRankingCell.xib */ = {isa = PBXFileReference; fileEncoding = 4; lastKnownFileType = file.xib; path = StudentsRankingCell.xib; sourceTree = "<group>"; };
		96B3A3C6196B75720071F8FD /* LoginViewController.h */ = {isa = PBXFileReference; fileEncoding = 4; lastKnownFileType = sourcecode.c.h; path = LoginViewController.h; sourceTree = "<group>"; };
		96B3A3C7196B75720071F8FD /* LoginViewController.m */ = {isa = PBXFileReference; fileEncoding = 4; lastKnownFileType = sourcecode.c.objc; path = LoginViewController.m; sourceTree = "<group>"; };
		96B3A3C8196B75720071F8FD /* LoginViewController.xib */ = {isa = PBXFileReference; fileEncoding = 4; lastKnownFileType = file.xib; path = LoginViewController.xib; sourceTree = "<group>"; };
		96B3A3CB196B8C130071F8FD /* TraitDetailViewController.h */ = {isa = PBXFileReference; fileEncoding = 4; lastKnownFileType = sourcecode.c.h; path = TraitDetailViewController.h; sourceTree = "<group>"; };
		96B3A3CC196B8C130071F8FD /* TraitDetailViewController.m */ = {isa = PBXFileReference; fileEncoding = 4; lastKnownFileType = sourcecode.c.objc; path = TraitDetailViewController.m; sourceTree = "<group>"; };
		96B3A3CD196B8C130071F8FD /* TraitDetailViewController.xib */ = {isa = PBXFileReference; fileEncoding = 4; lastKnownFileType = file.xib; path = TraitDetailViewController.xib; sourceTree = "<group>"; };
		B300BA23196640790063E27D /* CharacterLab.app */ = {isa = PBXFileReference; explicitFileType = wrapper.application; includeInIndex = 0; path = CharacterLab.app; sourceTree = BUILT_PRODUCTS_DIR; };
		B300BA26196640790063E27D /* Foundation.framework */ = {isa = PBXFileReference; lastKnownFileType = wrapper.framework; name = Foundation.framework; path = System/Library/Frameworks/Foundation.framework; sourceTree = SDKROOT; };
		B300BA28196640790063E27D /* CoreGraphics.framework */ = {isa = PBXFileReference; lastKnownFileType = wrapper.framework; name = CoreGraphics.framework; path = System/Library/Frameworks/CoreGraphics.framework; sourceTree = SDKROOT; };
		B300BA2A196640790063E27D /* UIKit.framework */ = {isa = PBXFileReference; lastKnownFileType = wrapper.framework; name = UIKit.framework; path = System/Library/Frameworks/UIKit.framework; sourceTree = SDKROOT; };
		B300BA2E196640790063E27D /* CharacterLab-Info.plist */ = {isa = PBXFileReference; lastKnownFileType = text.plist.xml; path = "CharacterLab-Info.plist"; sourceTree = "<group>"; };
		B300BA30196640790063E27D /* en */ = {isa = PBXFileReference; lastKnownFileType = text.plist.strings; name = en; path = en.lproj/InfoPlist.strings; sourceTree = "<group>"; };
		B300BA32196640790063E27D /* main.m */ = {isa = PBXFileReference; lastKnownFileType = sourcecode.c.objc; path = main.m; sourceTree = "<group>"; };
		B300BA34196640790063E27D /* CharacterLab-Prefix.pch */ = {isa = PBXFileReference; lastKnownFileType = sourcecode.c.h; path = "CharacterLab-Prefix.pch"; sourceTree = "<group>"; };
		B300BA35196640790063E27D /* AppDelegate.h */ = {isa = PBXFileReference; lastKnownFileType = sourcecode.c.h; path = AppDelegate.h; sourceTree = "<group>"; };
		B300BA36196640790063E27D /* AppDelegate.m */ = {isa = PBXFileReference; lastKnownFileType = sourcecode.c.objc; path = AppDelegate.m; sourceTree = "<group>"; };
		B300BA38196640790063E27D /* Images.xcassets */ = {isa = PBXFileReference; lastKnownFileType = folder.assetcatalog; path = Images.xcassets; sourceTree = "<group>"; };
		B300BA3E196640790063E27D /* CharacterLabTests.xctest */ = {isa = PBXFileReference; explicitFileType = wrapper.cfbundle; includeInIndex = 0; path = CharacterLabTests.xctest; sourceTree = BUILT_PRODUCTS_DIR; };
		B300BA3F196640790063E27D /* XCTest.framework */ = {isa = PBXFileReference; lastKnownFileType = wrapper.framework; name = XCTest.framework; path = Library/Frameworks/XCTest.framework; sourceTree = DEVELOPER_DIR; };
		B300BA47196640790063E27D /* CharacterLabTests-Info.plist */ = {isa = PBXFileReference; lastKnownFileType = text.plist.xml; path = "CharacterLabTests-Info.plist"; sourceTree = "<group>"; };
		B300BA49196640790063E27D /* en */ = {isa = PBXFileReference; lastKnownFileType = text.plist.strings; name = en; path = en.lproj/InfoPlist.strings; sourceTree = "<group>"; };
		B300BA4B196640790063E27D /* CharacterLabTests.m */ = {isa = PBXFileReference; lastKnownFileType = sourcecode.c.objc; path = CharacterLabTests.m; sourceTree = "<group>"; };
		B3021B22196A2470006751D3 /* StudentProfileViewController.h */ = {isa = PBXFileReference; fileEncoding = 4; lastKnownFileType = sourcecode.c.h; path = StudentProfileViewController.h; sourceTree = "<group>"; };
		B3021B23196A2470006751D3 /* StudentProfileViewController.m */ = {isa = PBXFileReference; fileEncoding = 4; lastKnownFileType = sourcecode.c.objc; path = StudentProfileViewController.m; sourceTree = "<group>"; };
		B3021B24196A2470006751D3 /* StudentProfileViewController.xib */ = {isa = PBXFileReference; fileEncoding = 4; lastKnownFileType = file.xib; path = StudentProfileViewController.xib; sourceTree = "<group>"; };
		B30CD41F19740F90006EB3C1 /* Measurement.h */ = {isa = PBXFileReference; fileEncoding = 4; lastKnownFileType = sourcecode.c.h; path = Measurement.h; sourceTree = "<group>"; };
		B30CD42019740F90006EB3C1 /* Measurement.m */ = {isa = PBXFileReference; fileEncoding = 4; lastKnownFileType = sourcecode.c.objc; path = Measurement.m; sourceTree = "<group>"; };
		B30CD42D19749E0D006EB3C1 /* MeasurementViewCell.h */ = {isa = PBXFileReference; fileEncoding = 4; lastKnownFileType = sourcecode.c.h; path = MeasurementViewCell.h; sourceTree = "<group>"; };
		B30CD42E19749E0D006EB3C1 /* MeasurementViewCell.m */ = {isa = PBXFileReference; fileEncoding = 4; lastKnownFileType = sourcecode.c.objc; path = MeasurementViewCell.m; sourceTree = "<group>"; };
		B30CD42F19749E0D006EB3C1 /* MeasurementViewCell.xib */ = {isa = PBXFileReference; fileEncoding = 4; lastKnownFileType = file.xib; path = MeasurementViewCell.xib; sourceTree = "<group>"; };
		B30CD43719756FD9006EB3C1 /* ImprovementSuggestionViewCell.h */ = {isa = PBXFileReference; fileEncoding = 4; lastKnownFileType = sourcecode.c.h; path = ImprovementSuggestionViewCell.h; sourceTree = "<group>"; };
		B30CD43819756FD9006EB3C1 /* ImprovementSuggestionViewCell.m */ = {isa = PBXFileReference; fileEncoding = 4; lastKnownFileType = sourcecode.c.objc; path = ImprovementSuggestionViewCell.m; sourceTree = "<group>"; };
		B30CD43919756FD9006EB3C1 /* ImprovementSuggestionViewCell.xib */ = {isa = PBXFileReference; fileEncoding = 4; lastKnownFileType = file.xib; path = ImprovementSuggestionViewCell.xib; sourceTree = "<group>"; };
		B30CD43C197571A2006EB3C1 /* ImprovementTraitViewCell.h */ = {isa = PBXFileReference; fileEncoding = 4; lastKnownFileType = sourcecode.c.h; path = ImprovementTraitViewCell.h; sourceTree = "<group>"; };
		B30CD43D197571A2006EB3C1 /* ImprovementTraitViewCell.m */ = {isa = PBXFileReference; fileEncoding = 4; lastKnownFileType = sourcecode.c.objc; path = ImprovementTraitViewCell.m; sourceTree = "<group>"; };
		B30CD43E197571A2006EB3C1 /* ImprovementTraitViewCell.xib */ = {isa = PBXFileReference; fileEncoding = 4; lastKnownFileType = file.xib; path = ImprovementTraitViewCell.xib; sourceTree = "<group>"; };
		B32CB6B2197B220C00348FD4 /* BarGraphView.xib */ = {isa = PBXFileReference; fileEncoding = 4; lastKnownFileType = file.xib; path = BarGraphView.xib; sourceTree = "<group>"; };
		B32CB6B4197B223E00348FD4 /* BarGraphView.h */ = {isa = PBXFileReference; fileEncoding = 4; lastKnownFileType = sourcecode.c.h; path = BarGraphView.h; sourceTree = "<group>"; };
		B32CB6B5197B223E00348FD4 /* BarGraphView.m */ = {isa = PBXFileReference; fileEncoding = 4; lastKnownFileType = sourcecode.c.objc; path = BarGraphView.m; sourceTree = "<group>"; };
		B34A5EA81972BBA30053696B /* NewAssessmentViewCell.h */ = {isa = PBXFileReference; fileEncoding = 4; lastKnownFileType = sourcecode.c.h; path = NewAssessmentViewCell.h; sourceTree = "<group>"; };
		B34A5EA91972BBA30053696B /* NewAssessmentViewCell.m */ = {isa = PBXFileReference; fileEncoding = 4; lastKnownFileType = sourcecode.c.objc; path = NewAssessmentViewCell.m; sourceTree = "<group>"; };
		B34A5EAA1972BBA30053696B /* NewAssessmentViewCell.xib */ = {isa = PBXFileReference; fileEncoding = 4; lastKnownFileType = file.xib; path = NewAssessmentViewCell.xib; sourceTree = "<group>"; };
		B3A92FDA19701E8500101EE4 /* CLModel.h */ = {isa = PBXFileReference; fileEncoding = 4; lastKnownFileType = sourcecode.c.h; path = CLModel.h; sourceTree = "<group>"; };
		B3A92FDB19701E8500101EE4 /* CLModel.m */ = {isa = PBXFileReference; fileEncoding = 4; lastKnownFileType = sourcecode.c.objc; path = CLModel.m; sourceTree = "<group>"; };
		B3A92FDD1971E29500101EE4 /* QuartzCore.framework */ = {isa = PBXFileReference; lastKnownFileType = wrapper.framework; name = QuartzCore.framework; path = System/Library/Frameworks/QuartzCore.framework; sourceTree = SDKROOT; };
		B3A92FDF1971EED200101EE4 /* AssessmentInputViewController.h */ = {isa = PBXFileReference; fileEncoding = 4; lastKnownFileType = sourcecode.c.h; path = AssessmentInputViewController.h; sourceTree = "<group>"; };
		B3A92FE01971EED200101EE4 /* AssessmentInputViewController.m */ = {isa = PBXFileReference; fileEncoding = 4; lastKnownFileType = sourcecode.c.objc; path = AssessmentInputViewController.m; sourceTree = "<group>"; };
		B3A92FE11971EED200101EE4 /* AssessmentInputViewController.xib */ = {isa = PBXFileReference; fileEncoding = 4; lastKnownFileType = file.xib; path = AssessmentInputViewController.xib; sourceTree = "<group>"; };
		B3A92FE519720CD600101EE4 /* CLColor.h */ = {isa = PBXFileReference; lastKnownFileType = sourcecode.c.h; path = CLColor.h; sourceTree = "<group>"; };
/* End PBXFileReference section */

/* Begin PBXFrameworksBuildPhase section */
		B300BA20196640790063E27D /* Frameworks */ = {
			isa = PBXFrameworksBuildPhase;
			buildActionMask = 2147483647;
			files = (
				960937CA197327C200414B21 /* MediaPlayer.framework in Frameworks */,
				B3A92FDE1971E29500101EE4 /* QuartzCore.framework in Frameworks */,
				B300BA29196640790063E27D /* CoreGraphics.framework in Frameworks */,
				B300BA2B196640790063E27D /* UIKit.framework in Frameworks */,
				B300BA27196640790063E27D /* Foundation.framework in Frameworks */,
				06014F2D8E304145A0F814DE /* libPods.a in Frameworks */,
			);
			runOnlyForDeploymentPostprocessing = 0;
		};
		B300BA3B196640790063E27D /* Frameworks */ = {
			isa = PBXFrameworksBuildPhase;
			buildActionMask = 2147483647;
			files = (
				B300BA40196640790063E27D /* XCTest.framework in Frameworks */,
				B300BA42196640790063E27D /* UIKit.framework in Frameworks */,
				B300BA41196640790063E27D /* Foundation.framework in Frameworks */,
			);
			runOnlyForDeploymentPostprocessing = 0;
		};
/* End PBXFrameworksBuildPhase section */

/* Begin PBXGroup section */
		13E01BF31966429000A94277 /* Models */ = {
			isa = PBXGroup;
			children = (
				13E01BF4196642A100A94277 /* Trait.h */,
				13E01BF5196642A100A94277 /* Trait.m */,
				13E01BF71966447A00A94277 /* Question.h */,
				13E01BF81966447A00A94277 /* Question.m */,
				13E01BFA1966453500A94277 /* Student.h */,
				13E01BFB1966453500A94277 /* Student.m */,
				13E01BFD196645AB00A94277 /* Teacher.h */,
				13E01BFE196645AB00A94277 /* Teacher.m */,
				13E01C001966462700A94277 /* Assessment.h */,
				13E01C011966462700A94277 /* Assessment.m */,
				960937CB19733BC300414B21 /* Tip.h */,
				960937CC19733BC300414B21 /* Tip.m */,
				B3A92FDA19701E8500101EE4 /* CLModel.h */,
				B3A92FDB19701E8500101EE4 /* CLModel.m */,
				B30CD41F19740F90006EB3C1 /* Measurement.h */,
				B30CD42019740F90006EB3C1 /* Measurement.m */,
			);
			name = Models;
			sourceTree = "<group>";
		};
		13E01C0319675C5800A94277 /* View Controllers */ = {
			isa = PBXGroup;
			children = (
				B30CD42D19749E0D006EB3C1 /* MeasurementViewCell.h */,
				13E01C0419675C7300A94277 /* TraitViewController.h */,
				13E01C0519675C7300A94277 /* TraitViewController.m */,
				13E01C0619675C7300A94277 /* TraitViewController.xib */,
				13E01C0E1968A42000A94277 /* StudentsViewController.h */,
				13E01C0F1968A42000A94277 /* StudentsViewController.m */,
				13E01C101968A42000A94277 /* StudentsViewController.xib */,
				B3021B22196A2470006751D3 /* StudentProfileViewController.h */,
				B3021B23196A2470006751D3 /* StudentProfileViewController.m */,
				B3021B24196A2470006751D3 /* StudentProfileViewController.xib */,
				96B3A3C6196B75720071F8FD /* LoginViewController.h */,
				96B3A3C7196B75720071F8FD /* LoginViewController.m */,
				96B3A3C8196B75720071F8FD /* LoginViewController.xib */,
				96B3A3CB196B8C130071F8FD /* TraitDetailViewController.h */,
				96B3A3CC196B8C130071F8FD /* TraitDetailViewController.m */,
				96B3A3CD196B8C130071F8FD /* TraitDetailViewController.xib */,
				13E01C2A196BEEAE00A94277 /* TraitsViewController.h */,
				13E01C2B196BEEAE00A94277 /* TraitsViewController.m */,
				13E01C2C196BEEAE00A94277 /* TraitsViewController.xib */,
				B3A92FDF1971EED200101EE4 /* AssessmentInputViewController.h */,
				B3A92FE01971EED200101EE4 /* AssessmentInputViewController.m */,
				B3A92FE11971EED200101EE4 /* AssessmentInputViewController.xib */,
			);
			name = "View Controllers";
			sourceTree = "<group>";
		};
		13E01C131968A46B00A94277 /* Views */ = {
			isa = PBXGroup;
			children = (
				13E01C141968A63500A94277 /* StudentCell.xib */,
				13E01C161968A67800A94277 /* StudentCell.h */,
				13E01C171968A67800A94277 /* StudentCell.m */,
				1329E26219724DA000C839F8 /* StudentInitialsLabel.h */,
				1329E26319724DA000C839F8 /* StudentInitialsLabel.m */,
				1329E265197254B700C839F8 /* StudentsCollectionHeaderView.h */,
				1329E266197254B700C839F8 /* StudentsCollectionHeaderView.m */,
				1329E268197254D300C839F8 /* StudentsCollectionHeaderView.xib */,
				B34A5EA81972BBA30053696B /* NewAssessmentViewCell.h */,
				B34A5EA91972BBA30053696B /* NewAssessmentViewCell.m */,
				B34A5EAA1972BBA30053696B /* NewAssessmentViewCell.xib */,
				960937CE19735CB100414B21 /* TipCell.h */,
				960937CF19735CB100414B21 /* TipCell.m */,
				960937D119735CC400414B21 /* TipCell.xib */,
				B30CD42E19749E0D006EB3C1 /* MeasurementViewCell.m */,
				B30CD42F19749E0D006EB3C1 /* MeasurementViewCell.xib */,
				B30CD43719756FD9006EB3C1 /* ImprovementSuggestionViewCell.h */,
				B30CD43819756FD9006EB3C1 /* ImprovementSuggestionViewCell.m */,
				B30CD43919756FD9006EB3C1 /* ImprovementSuggestionViewCell.xib */,
				B30CD43C197571A2006EB3C1 /* ImprovementTraitViewCell.h */,
				B30CD43D197571A2006EB3C1 /* ImprovementTraitViewCell.m */,
				B30CD43E197571A2006EB3C1 /* ImprovementTraitViewCell.xib */,
				B32CB6B2197B220C00348FD4 /* BarGraphView.xib */,
				B32CB6B4197B223E00348FD4 /* BarGraphView.h */,
				B32CB6B5197B223E00348FD4 /* BarGraphView.m */,
				96B20A4F197B2E1C0082B048 /* StudentsRankingCell.h */,
				96B20A50197B2E1C0082B048 /* StudentsRankingCell.m */,
				96B20A52197B2E370082B048 /* StudentsRankingCell.xib */,
			);
			name = Views;
			sourceTree = "<group>";
		};
		13E01C2F196BF12F00A94277 /* View Controllers */ = {
			isa = PBXGroup;
			children = (
				13E01C191968DA4B00A94277 /* MultiPageViewController.h */,
				13E01C1A1968DA4B00A94277 /* MultiPageViewController.m */,
				13E01C1B1968DA4B00A94277 /* MultiPageViewController.xib */,
			);
			name = "View Controllers";
			sourceTree = "<group>";
		};
		13E01C30196BF13E00A94277 /* Views */ = {
			isa = PBXGroup;
			children = (
				13E01C31196BF1FF00A94277 /* TouchInterceptingContainerView.h */,
				13E01C32196BF1FF00A94277 /* TouchInterceptingContainerView.m */,
			);
			name = Views;
			sourceTree = "<group>";
		};
		96B3A3D0196B8FB40071F8FD /* Utilities */ = {
			isa = PBXGroup;
			children = (
				13E01C30196BF13E00A94277 /* Views */,
				13E01C2F196BF12F00A94277 /* View Controllers */,
				B3A92FE519720CD600101EE4 /* CLColor.h */,
				960937D31973AADC00414B21 /* CollectionLayoutAlignTop.h */,
				960937D41973AADC00414B21 /* CollectionLayoutAlignTop.m */,
			);
			name = Utilities;
			path = CharacterLab;
			sourceTree = "<group>";
		};
		B300BA1A196640790063E27D = {
			isa = PBXGroup;
			children = (
				96B3A3D0196B8FB40071F8FD /* Utilities */,
				B300BA2C196640790063E27D /* CharacterLab */,
				B300BA45196640790063E27D /* CharacterLabTests */,
				B300BA25196640790063E27D /* Frameworks */,
				B300BA24196640790063E27D /* Products */,
				894C1A229C964F13A256BF97 /* Pods.xcconfig */,
			);
			sourceTree = "<group>";
		};
		B300BA24196640790063E27D /* Products */ = {
			isa = PBXGroup;
			children = (
				B300BA23196640790063E27D /* CharacterLab.app */,
				B300BA3E196640790063E27D /* CharacterLabTests.xctest */,
			);
			name = Products;
			sourceTree = "<group>";
		};
		B300BA25196640790063E27D /* Frameworks */ = {
			isa = PBXGroup;
			children = (
				960937C9197327C200414B21 /* MediaPlayer.framework */,
				960937C71973277500414B21 /* AVFoundation.framework */,
				B3A92FDD1971E29500101EE4 /* QuartzCore.framework */,
				B300BA26196640790063E27D /* Foundation.framework */,
				B300BA28196640790063E27D /* CoreGraphics.framework */,
				B300BA2A196640790063E27D /* UIKit.framework */,
				B300BA3F196640790063E27D /* XCTest.framework */,
				6C386EB60CDD4C31A58A2C13 /* libPods.a */,
			);
			name = Frameworks;
			sourceTree = "<group>";
		};
		B300BA2C196640790063E27D /* CharacterLab */ = {
			isa = PBXGroup;
			children = (
				13E01C131968A46B00A94277 /* Views */,
				13E01C0319675C5800A94277 /* View Controllers */,
				13E01BF31966429000A94277 /* Models */,
				B300BA35196640790063E27D /* AppDelegate.h */,
				B300BA36196640790063E27D /* AppDelegate.m */,
				B300BA38196640790063E27D /* Images.xcassets */,
				B300BA2D196640790063E27D /* Supporting Files */,
			);
			path = CharacterLab;
			sourceTree = "<group>";
		};
		B300BA2D196640790063E27D /* Supporting Files */ = {
			isa = PBXGroup;
			children = (
				B300BA2E196640790063E27D /* CharacterLab-Info.plist */,
				B300BA2F196640790063E27D /* InfoPlist.strings */,
				B300BA32196640790063E27D /* main.m */,
				B300BA34196640790063E27D /* CharacterLab-Prefix.pch */,
			);
			name = "Supporting Files";
			sourceTree = "<group>";
		};
		B300BA45196640790063E27D /* CharacterLabTests */ = {
			isa = PBXGroup;
			children = (
				B300BA4B196640790063E27D /* CharacterLabTests.m */,
				B300BA46196640790063E27D /* Supporting Files */,
			);
			path = CharacterLabTests;
			sourceTree = "<group>";
		};
		B300BA46196640790063E27D /* Supporting Files */ = {
			isa = PBXGroup;
			children = (
				B300BA47196640790063E27D /* CharacterLabTests-Info.plist */,
				B300BA48196640790063E27D /* InfoPlist.strings */,
			);
			name = "Supporting Files";
			sourceTree = "<group>";
		};
/* End PBXGroup section */

/* Begin PBXNativeTarget section */
		B300BA22196640790063E27D /* CharacterLab */ = {
			isa = PBXNativeTarget;
			buildConfigurationList = B300BA4F1966407A0063E27D /* Build configuration list for PBXNativeTarget "CharacterLab" */;
			buildPhases = (
				F70014EA87D84BE0B8BBE978 /* Check Pods Manifest.lock */,
				B300BA1F196640790063E27D /* Sources */,
				B300BA20196640790063E27D /* Frameworks */,
				B300BA21196640790063E27D /* Resources */,
				C6401DE6E4AD49798AB2F7B2 /* Copy Pods Resources */,
			);
			buildRules = (
			);
			dependencies = (
			);
			name = CharacterLab;
			productName = CharacterLab;
			productReference = B300BA23196640790063E27D /* CharacterLab.app */;
			productType = "com.apple.product-type.application";
		};
		B300BA3D196640790063E27D /* CharacterLabTests */ = {
			isa = PBXNativeTarget;
			buildConfigurationList = B300BA521966407A0063E27D /* Build configuration list for PBXNativeTarget "CharacterLabTests" */;
			buildPhases = (
				B300BA3A196640790063E27D /* Sources */,
				B300BA3B196640790063E27D /* Frameworks */,
				B300BA3C196640790063E27D /* Resources */,
			);
			buildRules = (
			);
			dependencies = (
				B300BA44196640790063E27D /* PBXTargetDependency */,
			);
			name = CharacterLabTests;
			productName = CharacterLabTests;
			productReference = B300BA3E196640790063E27D /* CharacterLabTests.xctest */;
			productType = "com.apple.product-type.bundle.unit-test";
		};
/* End PBXNativeTarget section */

/* Begin PBXProject section */
		B300BA1B196640790063E27D /* Project object */ = {
			isa = PBXProject;
			attributes = {
				LastUpgradeCheck = 0510;
				ORGANIZATIONNAME = Dropbox;
				TargetAttributes = {
					B300BA3D196640790063E27D = {
						TestTargetID = B300BA22196640790063E27D;
					};
				};
			};
			buildConfigurationList = B300BA1E196640790063E27D /* Build configuration list for PBXProject "CharacterLab" */;
			compatibilityVersion = "Xcode 3.2";
			developmentRegion = English;
			hasScannedForEncodings = 0;
			knownRegions = (
				en,
			);
			mainGroup = B300BA1A196640790063E27D;
			productRefGroup = B300BA24196640790063E27D /* Products */;
			projectDirPath = "";
			projectRoot = "";
			targets = (
				B300BA22196640790063E27D /* CharacterLab */,
				B300BA3D196640790063E27D /* CharacterLabTests */,
			);
		};
/* End PBXProject section */

/* Begin PBXResourcesBuildPhase section */
		B300BA21196640790063E27D /* Resources */ = {
			isa = PBXResourcesBuildPhase;
			buildActionMask = 2147483647;
			files = (
				96B3A3CA196B75720071F8FD /* LoginViewController.xib in Resources */,
				B30CD43B19756FD9006EB3C1 /* ImprovementSuggestionViewCell.xib in Resources */,
				96B20A53197B2E370082B048 /* StudentsRankingCell.xib in Resources */,
				13E01C0819675C7300A94277 /* TraitViewController.xib in Resources */,
				1329E269197254D300C839F8 /* StudentsCollectionHeaderView.xib in Resources */,
				B30CD43119749E0D006EB3C1 /* MeasurementViewCell.xib in Resources */,
				B3021B26196A2470006751D3 /* StudentProfileViewController.xib in Resources */,
				B300BA31196640790063E27D /* InfoPlist.strings in Resources */,
				960937D219735CC400414B21 /* TipCell.xib in Resources */,
				B34A5EAC1972BBA30053696B /* NewAssessmentViewCell.xib in Resources */,
				B32CB6B3197B220C00348FD4 /* BarGraphView.xib in Resources */,
				B300BA39196640790063E27D /* Images.xcassets in Resources */,
				B3A92FE31971EED200101EE4 /* AssessmentInputViewController.xib in Resources */,
				13E01C2E196BEEAE00A94277 /* TraitsViewController.xib in Resources */,
				96B3A3CF196B8C130071F8FD /* TraitDetailViewController.xib in Resources */,
				13E01C121968A42000A94277 /* StudentsViewController.xib in Resources */,
				13E01C1D1968DA4B00A94277 /* MultiPageViewController.xib in Resources */,
				B30CD440197571A2006EB3C1 /* ImprovementTraitViewCell.xib in Resources */,
				13E01C151968A63500A94277 /* StudentCell.xib in Resources */,
			);
			runOnlyForDeploymentPostprocessing = 0;
		};
		B300BA3C196640790063E27D /* Resources */ = {
			isa = PBXResourcesBuildPhase;
			buildActionMask = 2147483647;
			files = (
				B300BA4A196640790063E27D /* InfoPlist.strings in Resources */,
			);
			runOnlyForDeploymentPostprocessing = 0;
		};
/* End PBXResourcesBuildPhase section */

/* Begin PBXShellScriptBuildPhase section */
		C6401DE6E4AD49798AB2F7B2 /* Copy Pods Resources */ = {
			isa = PBXShellScriptBuildPhase;
			buildActionMask = 2147483647;
			files = (
			);
			inputPaths = (
			);
			name = "Copy Pods Resources";
			outputPaths = (
			);
			runOnlyForDeploymentPostprocessing = 0;
			shellPath = /bin/sh;
			shellScript = "\"${SRCROOT}/Pods/Pods-resources.sh\"\n";
			showEnvVarsInLog = 0;
		};
		F70014EA87D84BE0B8BBE978 /* Check Pods Manifest.lock */ = {
			isa = PBXShellScriptBuildPhase;
			buildActionMask = 2147483647;
			files = (
			);
			inputPaths = (
			);
			name = "Check Pods Manifest.lock";
			outputPaths = (
			);
			runOnlyForDeploymentPostprocessing = 0;
			shellPath = /bin/sh;
			shellScript = "diff \"${PODS_ROOT}/../Podfile.lock\" \"${PODS_ROOT}/Manifest.lock\" > /dev/null\nif [[ $? != 0 ]] ; then\n    cat << EOM\nerror: The sandbox is not in sync with the Podfile.lock. Run 'pod install' or update your CocoaPods installation.\nEOM\n    exit 1\nfi\n";
			showEnvVarsInLog = 0;
		};
/* End PBXShellScriptBuildPhase section */

/* Begin PBXSourcesBuildPhase section */
		B300BA1F196640790063E27D /* Sources */ = {
			isa = PBXSourcesBuildPhase;
			buildActionMask = 2147483647;
			files = (
				13E01BFF196645AB00A94277 /* Teacher.m in Sources */,
				B30CD43019749E0D006EB3C1 /* MeasurementViewCell.m in Sources */,
				13E01BF6196642A100A94277 /* Trait.m in Sources */,
				96B3A3C9196B75720071F8FD /* LoginViewController.m in Sources */,
				1329E26419724DA000C839F8 /* StudentInitialsLabel.m in Sources */,
				13E01BF91966447A00A94277 /* Question.m in Sources */,
				13E01C1C1968DA4B00A94277 /* MultiPageViewController.m in Sources */,
				13E01C0719675C7300A94277 /* TraitViewController.m in Sources */,
				B3021B25196A2470006751D3 /* StudentProfileViewController.m in Sources */,
				13E01BFC1966453500A94277 /* Student.m in Sources */,
				13E01C181968A67800A94277 /* StudentCell.m in Sources */,
				B300BA37196640790063E27D /* AppDelegate.m in Sources */,
				96B3A3CE196B8C130071F8FD /* TraitDetailViewController.m in Sources */,
				1329E267197254B700C839F8 /* StudentsCollectionHeaderView.m in Sources */,
				B30CD43F197571A2006EB3C1 /* ImprovementTraitViewCell.m in Sources */,
				B30CD43A19756FD9006EB3C1 /* ImprovementSuggestionViewCell.m in Sources */,
				960937CD19733BC300414B21 /* Tip.m in Sources */,
				B30CD42119740F90006EB3C1 /* Measurement.m in Sources */,
				13E01C2D196BEEAE00A94277 /* TraitsViewController.m in Sources */,
				B34A5EAB1972BBA30053696B /* NewAssessmentViewCell.m in Sources */,
				13E01C021966462700A94277 /* Assessment.m in Sources */,
				13E01C111968A42000A94277 /* StudentsViewController.m in Sources */,
				B3A92FDC19701E8500101EE4 /* CLModel.m in Sources */,
				13E01C33196BF1FF00A94277 /* TouchInterceptingContainerView.m in Sources */,
				B300BA33196640790063E27D /* main.m in Sources */,
				960937D51973AADC00414B21 /* CollectionLayoutAlignTop.m in Sources */,
				960937D019735CB100414B21 /* TipCell.m in Sources */,
				B3A92FE21971EED200101EE4 /* AssessmentInputViewController.m in Sources */,
				B32CB6B6197B223E00348FD4 /* BarGraphView.m in Sources */,
				96B20A51197B2E1C0082B048 /* StudentsRankingCell.m in Sources */,
			);
			runOnlyForDeploymentPostprocessing = 0;
		};
		B300BA3A196640790063E27D /* Sources */ = {
			isa = PBXSourcesBuildPhase;
			buildActionMask = 2147483647;
			files = (
				B300BA4C196640790063E27D /* CharacterLabTests.m in Sources */,
			);
			runOnlyForDeploymentPostprocessing = 0;
		};
/* End PBXSourcesBuildPhase section */

/* Begin PBXTargetDependency section */
		B300BA44196640790063E27D /* PBXTargetDependency */ = {
			isa = PBXTargetDependency;
			target = B300BA22196640790063E27D /* CharacterLab */;
			targetProxy = B300BA43196640790063E27D /* PBXContainerItemProxy */;
		};
/* End PBXTargetDependency section */

/* Begin PBXVariantGroup section */
		B300BA2F196640790063E27D /* InfoPlist.strings */ = {
			isa = PBXVariantGroup;
			children = (
				B300BA30196640790063E27D /* en */,
			);
			name = InfoPlist.strings;
			sourceTree = "<group>";
		};
		B300BA48196640790063E27D /* InfoPlist.strings */ = {
			isa = PBXVariantGroup;
			children = (
				B300BA49196640790063E27D /* en */,
			);
			name = InfoPlist.strings;
			sourceTree = "<group>";
		};
/* End PBXVariantGroup section */

/* Begin XCBuildConfiguration section */
		B300BA4D1966407A0063E27D /* Debug */ = {
			isa = XCBuildConfiguration;
			buildSettings = {
				ALWAYS_SEARCH_USER_PATHS = NO;
				CLANG_CXX_LANGUAGE_STANDARD = "gnu++0x";
				CLANG_CXX_LIBRARY = "libc++";
				CLANG_ENABLE_MODULES = YES;
				CLANG_ENABLE_OBJC_ARC = YES;
				CLANG_WARN_BOOL_CONVERSION = YES;
				CLANG_WARN_CONSTANT_CONVERSION = YES;
				CLANG_WARN_DIRECT_OBJC_ISA_USAGE = YES_ERROR;
				CLANG_WARN_EMPTY_BODY = YES;
				CLANG_WARN_ENUM_CONVERSION = YES;
				CLANG_WARN_INT_CONVERSION = YES;
				CLANG_WARN_OBJC_ROOT_CLASS = YES_ERROR;
				CLANG_WARN__DUPLICATE_METHOD_MATCH = YES;
				"CODE_SIGN_IDENTITY[sdk=iphoneos*]" = "iPhone Developer";
				COPY_PHASE_STRIP = NO;
				GCC_C_LANGUAGE_STANDARD = gnu99;
				GCC_DYNAMIC_NO_PIC = NO;
				GCC_OPTIMIZATION_LEVEL = 0;
				GCC_PREPROCESSOR_DEFINITIONS = (
					"DEBUG=1",
					"$(inherited)",
				);
				GCC_SYMBOLS_PRIVATE_EXTERN = NO;
				GCC_WARN_64_TO_32_BIT_CONVERSION = YES;
				GCC_WARN_ABOUT_RETURN_TYPE = YES_ERROR;
				GCC_WARN_UNDECLARED_SELECTOR = YES;
				GCC_WARN_UNINITIALIZED_AUTOS = YES_AGGRESSIVE;
				GCC_WARN_UNUSED_FUNCTION = YES;
				GCC_WARN_UNUSED_VARIABLE = YES;
				IPHONEOS_DEPLOYMENT_TARGET = 7.1;
				ONLY_ACTIVE_ARCH = YES;
				SDKROOT = iphoneos;
			};
			name = Debug;
		};
		B300BA4E1966407A0063E27D /* Release */ = {
			isa = XCBuildConfiguration;
			buildSettings = {
				ALWAYS_SEARCH_USER_PATHS = NO;
				CLANG_CXX_LANGUAGE_STANDARD = "gnu++0x";
				CLANG_CXX_LIBRARY = "libc++";
				CLANG_ENABLE_MODULES = YES;
				CLANG_ENABLE_OBJC_ARC = YES;
				CLANG_WARN_BOOL_CONVERSION = YES;
				CLANG_WARN_CONSTANT_CONVERSION = YES;
				CLANG_WARN_DIRECT_OBJC_ISA_USAGE = YES_ERROR;
				CLANG_WARN_EMPTY_BODY = YES;
				CLANG_WARN_ENUM_CONVERSION = YES;
				CLANG_WARN_INT_CONVERSION = YES;
				CLANG_WARN_OBJC_ROOT_CLASS = YES_ERROR;
				CLANG_WARN__DUPLICATE_METHOD_MATCH = YES;
				"CODE_SIGN_IDENTITY[sdk=iphoneos*]" = "iPhone Developer";
				COPY_PHASE_STRIP = YES;
				ENABLE_NS_ASSERTIONS = NO;
				GCC_C_LANGUAGE_STANDARD = gnu99;
				GCC_WARN_64_TO_32_BIT_CONVERSION = YES;
				GCC_WARN_ABOUT_RETURN_TYPE = YES_ERROR;
				GCC_WARN_UNDECLARED_SELECTOR = YES;
				GCC_WARN_UNINITIALIZED_AUTOS = YES_AGGRESSIVE;
				GCC_WARN_UNUSED_FUNCTION = YES;
				GCC_WARN_UNUSED_VARIABLE = YES;
				IPHONEOS_DEPLOYMENT_TARGET = 7.1;
				SDKROOT = iphoneos;
				VALIDATE_PRODUCT = YES;
			};
			name = Release;
		};
		B300BA501966407A0063E27D /* Debug */ = {
			isa = XCBuildConfiguration;
			baseConfigurationReference = 894C1A229C964F13A256BF97 /* Pods.xcconfig */;
			buildSettings = {
				ASSETCATALOG_COMPILER_APPICON_NAME = AppIcon;
				ASSETCATALOG_COMPILER_LAUNCHIMAGE_NAME = LaunchImage;
				GCC_PRECOMPILE_PREFIX_HEADER = YES;
				GCC_PREFIX_HEADER = "CharacterLab/CharacterLab-Prefix.pch";
				INFOPLIST_FILE = "CharacterLab/CharacterLab-Info.plist";
				PRODUCT_NAME = "$(TARGET_NAME)";
				WRAPPER_EXTENSION = app;
			};
			name = Debug;
		};
		B300BA511966407A0063E27D /* Release */ = {
			isa = XCBuildConfiguration;
			baseConfigurationReference = 894C1A229C964F13A256BF97 /* Pods.xcconfig */;
			buildSettings = {
				ASSETCATALOG_COMPILER_APPICON_NAME = AppIcon;
				ASSETCATALOG_COMPILER_LAUNCHIMAGE_NAME = LaunchImage;
				GCC_PRECOMPILE_PREFIX_HEADER = YES;
				GCC_PREFIX_HEADER = "CharacterLab/CharacterLab-Prefix.pch";
				INFOPLIST_FILE = "CharacterLab/CharacterLab-Info.plist";
				PRODUCT_NAME = "$(TARGET_NAME)";
				WRAPPER_EXTENSION = app;
			};
			name = Release;
		};
		B300BA531966407A0063E27D /* Debug */ = {
			isa = XCBuildConfiguration;
			buildSettings = {
				BUNDLE_LOADER = "$(BUILT_PRODUCTS_DIR)/CharacterLab.app/CharacterLab";
				FRAMEWORK_SEARCH_PATHS = (
					"$(SDKROOT)/Developer/Library/Frameworks",
					"$(inherited)",
					"$(DEVELOPER_FRAMEWORKS_DIR)",
				);
				GCC_PRECOMPILE_PREFIX_HEADER = YES;
				GCC_PREFIX_HEADER = "CharacterLab/CharacterLab-Prefix.pch";
				GCC_PREPROCESSOR_DEFINITIONS = (
					"DEBUG=1",
					"$(inherited)",
				);
				INFOPLIST_FILE = "CharacterLabTests/CharacterLabTests-Info.plist";
				PRODUCT_NAME = "$(TARGET_NAME)";
				TEST_HOST = "$(BUNDLE_LOADER)";
				WRAPPER_EXTENSION = xctest;
			};
			name = Debug;
		};
		B300BA541966407A0063E27D /* Release */ = {
			isa = XCBuildConfiguration;
			buildSettings = {
				BUNDLE_LOADER = "$(BUILT_PRODUCTS_DIR)/CharacterLab.app/CharacterLab";
				FRAMEWORK_SEARCH_PATHS = (
					"$(SDKROOT)/Developer/Library/Frameworks",
					"$(inherited)",
					"$(DEVELOPER_FRAMEWORKS_DIR)",
				);
				GCC_PRECOMPILE_PREFIX_HEADER = YES;
				GCC_PREFIX_HEADER = "CharacterLab/CharacterLab-Prefix.pch";
				INFOPLIST_FILE = "CharacterLabTests/CharacterLabTests-Info.plist";
				PRODUCT_NAME = "$(TARGET_NAME)";
				TEST_HOST = "$(BUNDLE_LOADER)";
				WRAPPER_EXTENSION = xctest;
			};
			name = Release;
		};
/* End XCBuildConfiguration section */

/* Begin XCConfigurationList section */
		B300BA1E196640790063E27D /* Build configuration list for PBXProject "CharacterLab" */ = {
			isa = XCConfigurationList;
			buildConfigurations = (
				B300BA4D1966407A0063E27D /* Debug */,
				B300BA4E1966407A0063E27D /* Release */,
			);
			defaultConfigurationIsVisible = 0;
			defaultConfigurationName = Release;
		};
		B300BA4F1966407A0063E27D /* Build configuration list for PBXNativeTarget "CharacterLab" */ = {
			isa = XCConfigurationList;
			buildConfigurations = (
				B300BA501966407A0063E27D /* Debug */,
				B300BA511966407A0063E27D /* Release */,
			);
			defaultConfigurationIsVisible = 0;
			defaultConfigurationName = Release;
		};
		B300BA521966407A0063E27D /* Build configuration list for PBXNativeTarget "CharacterLabTests" */ = {
			isa = XCConfigurationList;
			buildConfigurations = (
				B300BA531966407A0063E27D /* Debug */,
				B300BA541966407A0063E27D /* Release */,
			);
			defaultConfigurationIsVisible = 0;
			defaultConfigurationName = Release;
		};
/* End XCConfigurationList section */
	};
	rootObject = B300BA1B196640790063E27D /* Project object */;
}
